<Solution>
  <Folder Name="/Solution Items/">
    <File Path=".editorconfig" />
    <File Path="Create-Package.ps1" />
    <File Path="Directory.Build.props" />
    <File Path="Directory.Build.targets" />
    <File Path="README.md" />
  </Folder>
  <Project Path="ServersideQoL.AdminOptions/ServersideQoL.AdminOptions.csproj" />
  <Project Path="ServersideQoL.AutoDoors/ServersideQoL.AutoDoors.csproj" Id="0520e955-6361-4c3f-b470-6c50503480e2" />
  <Project Path="ServersideQoL.AutoExtract/ServersideQoL.AutoExtract.csproj" Id="8ad61871-2277-4701-b480-1fe7604972cc" />
  <Project Path="ServersideQoL.AutoMapTables/ServersideQoL.AutoMapTables.csproj" Id="38c95f02-d7c5-47ee-b2a8-4aa2acb68476" />
  <Project Path="ServersideQoL.AutoPortalHub/ServersideQoL.AutoPortalHub.csproj" Id="ab7c0d3b-3b85-4b50-915c-cbd13f14468c" />
  <Project Path="ServersideQoL.AutoProcess/ServersideQoL.AutoProcess.csproj" Id="38ff161d-64b2-4815-9f7f-5e7323a9c7cd" />
  <Project Path="ServersideQoL.AutoStore/ServersideQoL.AutoStore.csproj" />
  <Project Path="ServersideQoL.Backpack/ServersideQoL.Backpack.csproj" Id="32e998a9-2058-4ffa-8ff5-05a84e5ad9cc" />
  <Project Path="ServersideQoL.CodeAnalysis.Tests/ServersideQoL.CodeAnalysis.Tests.csproj" />
  <Project Path="ServersideQoL.CodeAnalysis/ServersideQoL.CodeAnalysis.csproj" />
  <Project Path="ServersideQoL.ContainerSigns/ServersideQoL.ContainerSigns.csproj" Id="a404522a-e98d-4ec1-aa75-185d843ec8b3" />
  <Project Path="ServersideQoL.ContainerSizes/ServersideQoL.ContainerSizes.csproj" Id="ca153c80-1a24-44c7-bd3b-47e6418fdb86" />
  <Project Path="ServersideQoL.CreatureLevelUp/ServersideQoL.CreatureLevelUp.csproj" Id="f2a68859-193c-48ad-8e71-fef209376160" />
  <Project Path="ServersideQoL.DropControl/ServersideQoL.DropControl.csproj" Id="d3715063-4c86-40f1-86cc-f002ad18f810" />
  <Project Path="ServersideQoL.JustSleep/ServersideQoL.JustSleep.csproj" Id="820b4b17-3b02-4b2a-9a2a-13ebc10e58b1" />
  <Project Path="ServersideQoL.LetItFloat/ServersideQoL.LetItFloat.csproj" Id="aff806c9-63f9-4563-9403-1d57f8b6145c" />
  <Project Path="ServersideQoL.MultiplayerTweaks/ServersideQoL.MultiplayerTweaks.csproj" Id="c4312622-60f1-44c4-a1b9-945e3c4ead34" />
  <Project Path="ServersideQoL.Patchers/ServersideQoL.Patchers.csproj" Id="eec6258e-f364-4478-99d2-6fb6a80cd729" />
  <Project Path="ServersideQoL.Player/ServersideQoL.Player.csproj" Id="75cbd1e3-f114-462c-9c56-cb93a51d2d29" />
  <Project Path="ServersideQoL.PortalProgression/ServersideQoL.PortalProgression.csproj" Id="256f454c-2a68-4d69-a2e8-62e22cc26402" />
  <Project Path="ServersideQoL.PrefabConfigurator/ServersideQoL.PrefabConfigurator.csproj" Id="06cc4b4e-b03b-4f98-9673-a8ea9405fc0d" />
  <Project Path="ServersideQoL.Signs/ServersideQoL.Signs.csproj" />
  <Project Path="ServersideQoL.Skills/ServersideQoL.Skills.csproj" Id="2ae25c40-7f3f-4c99-ad3f-f44f9a71af04" />
  <Project Path="ServersideQoL.SmartDefense/ServersideQoL.SmartDefense.csproj" Id="063f429e-801f-49af-bf6b-9c8d373120fa" />
  <Project Path="ServersideQoL.SuperWishbone/ServersideQoL.SuperWishbone.csproj" Id="70fc10dd-f5f5-487d-8d59-d36414cef9ec" />
  <Project Path="ServersideQoL.TameAssist/ServersideQoL.TameAssist.csproj" Id="9b221c72-775e-4765-a65a-c8e202c3774c" />
  <Project Path="ServersideQoL.WorldOptions/ServersideQoL.WorldOptions.csproj" Id="c3169757-7601-4940-a069-be179c8a66af" />
  <Project Path="ServersideQoL/ServersideQoL.csproj" />
</Solution>
